<?xml version="1.0" encoding="utf-8"?>
<Project ToolsVersion="4.0" xmlns="http://schemas.microsoft.com/developer/msbuild/2003">
  <ItemGroup>
    <Filter Include="Source Files">
      <UniqueIdentifier>{4FC737F1-C7A5-4376-A066-2A32D752A2FF}</UniqueIdentifier>
      <Extensions>qml;cpp;c;cc;cxx;def;odl;idl;hpj;bat;asm;asmx</Extensions>
    </Filter>
    <Filter Include="Header Files">
      <UniqueIdentifier>{93995380-89BD-4b04-88EB-625FBE52EBFB}</UniqueIdentifier>
      <Extensions>h;hh;hpp;hxx;hm;inl;inc;xsd</Extensions>
    </Filter>
    <Filter Include="Resource Files">
      <UniqueIdentifier>{67DA6AB6-F800-4c08-8B7A-83BB121AAD01}</UniqueIdentifier>
      <Extensions>qrc;rc;ico;cur;bmp;dlg;rc2;rct;bin;rgs;gif;jpg;jpeg;jpe;resx;tiff;tif;png;wav;mfcribbon-ms</Extensions>
    </Filter>
    <Filter Include="Translation Files">
      <UniqueIdentifier>{639EADAA-A684-42e4-A9AD-28FC9BCB8F7C}</UniqueIdentifier>
      <Extensions>ts</Extensions>
    </Filter>
  </ItemGroup>
  <ItemGroup>
    <QtRcc Include="qml.qrc">
      <Filter>Resource Files</Filter>
    </QtRcc>
    <None Include="qrc\qml\main.qml">
      <Filter>Source Files</Filter>
    </None>
    <ClCompile Include="src\EffectThread.cpp">
      <Filter>Source Files</Filter>
    </ClCompile>
    <ClCompile Include="src\main.cpp">
      <Filter>Source Files</Filter>
    </ClCompile>
  </ItemGroup>
  <ItemGroup>
    <ClInclude Include="src\Devices\AudioDevice.h">
      <Filter>Header Files</Filter>
    </ClInclude>
    <ClInclude Include="src\EffectThread.h">
      <Filter>Header Files</Filter>
    </ClInclude>
    <ClInclude Include="src\OrpheanAssert.hpp">
      <Filter>Header Files</Filter>
    </ClInclude>
    <ClInclude Include="src\PCMBuffer.h">
      <Filter>Header Files</Filter>
    </ClInclude>
    <ClInclude Include="src\Effectors\Effector.hpp">
      <Filter>Header Files</Filter>
    </ClInclude>
    <ClInclude Include="src\Effectors\eRNNoise.hpp">
      <Filter>Header Files</Filter>
    </ClInclude>
    <ClInclude Include="src\pch.h">
      <Filter>Header Files</Filter>
    </ClInclude>
    <ClInclude Include="src\Devices\AInput.h">
      <Filter>Header Files</Filter>
    </ClInclude>
    <ClInclude Include="src\Devices\AOutput.h">
      <Filter>Header Files</Filter>
    </ClInclude>
    <ClInclude Include="src\Devices.h">
      <Filter>Header Files</Filter>
    </ClInclude>
    <ClInclude Include="src\Effectors.h">
      <Filter>Header Files</Filter>
    </ClInclude>
  </ItemGroup>
  <ItemGroup>
    <Image Include="qrc\img\icon.ico">
      <Filter>Resource Files</Filter>
    </Image>
    <Image Include="qrc\img\icon.png">
      <Filter>Resource Files</Filter>
    </Image>
  </ItemGroup>
  <ItemGroup>
    <ClCompile Include="src\pch.cpp">
      <Filter>Source Files</Filter>
    </ClCompile>
    <ClCompile Include="src\Devices\AudioDevice.cpp">
      <Filter>Source Files</Filter>
    </ClCompile>
    <ClCompile Include="src\Orphean.cpp">
      <Filter>Source Files</Filter>
    </ClCompile>
    <ClCompile Include="src\Devices\AInput.cpp">
      <Filter>Source Files</Filter>
    </ClCompile>
    <ClCompile Include="src\Devices\AOutput.cpp">
      <Filter>Source Files</Filter>
    </ClCompile>
  </ItemGroup>
  <ItemGroup>
    <QtMoc Include="src\Orphean.h">
      <Filter>Header Files</Filter>
    </QtMoc>
    <QtMoc Include="src\OrpheanAdapter.hpp">
      <Filter>Header Files</Filter>
    </QtMoc>
  </ItemGroup>
  <ItemGroup>
    <None Include="qrc\qml\DevicesComboBox.qml">
      <Filter>Source Files</Filter>
    </None>
    <None Include="qrc\qml\DeviceWidget.qml">
      <Filter>Source Files</Filter>
    </None>
    <None Include="Orphean.pri" />
    <None Include="Orphean.pro" />
  </ItemGroup>
</Project>